// !$*UTF8*$!
{
	archiveVersion = 1;
	classes = {
	};
	objectVersion = 56;
	objects = {

/* Begin PBXBuildFile section */
		52303F2C2AD5E94E00B9552B /* AppDelegate.swift in Sources */ = {isa = PBXBuildFile; fileRef = 52303F2B2AD5E94E00B9552B /* AppDelegate.swift */; };
		52303F2E2AD5E94E00B9552B /* SceneDelegate.swift in Sources */ = {isa = PBXBuildFile; fileRef = 52303F2D2AD5E94E00B9552B /* SceneDelegate.swift */; };
		52303F302AD5E94E00B9552B /* ViewController.swift in Sources */ = {isa = PBXBuildFile; fileRef = 52303F2F2AD5E94E00B9552B /* ViewController.swift */; };
		52303F332AD5E94E00B9552B /* Main.storyboard in Resources */ = {isa = PBXBuildFile; fileRef = 52303F312AD5E94E00B9552B /* Main.storyboard */; };
		52303F362AD5E94E00B9552B /* Modulo7_Practica2.xcdatamodeld in Sources */ = {isa = PBXBuildFile; fileRef = 52303F342AD5E94E00B9552B /* Modulo7_Practica2.xcdatamodeld */; };
		52303F382AD5E94F00B9552B /* Assets.xcassets in Resources */ = {isa = PBXBuildFile; fileRef = 52303F372AD5E94F00B9552B /* Assets.xcassets */; };
		52303F3B2AD5E94F00B9552B /* LaunchScreen.storyboard in Resources */ = {isa = PBXBuildFile; fileRef = 52303F392AD5E94F00B9552B /* LaunchScreen.storyboard */; };
/* End PBXBuildFile section */

/* Begin PBXFileReference section */
		52303F282AD5E94E00B9552B /* Modulo7_Practica2.app */ = {isa = PBXFileReference; explicitFileType = wrapper.application; includeInIndex = 0; path = Modulo7_Practica2.app; sourceTree = BUILT_PRODUCTS_DIR; };
		52303F2B2AD5E94E00B9552B /* AppDelegate.swift */ = {isa = PBXFileReference; lastKnownFileType = sourcecode.swift; path = AppDelegate.swift; sourceTree = "<group>"; };
		52303F2D2AD5E94E00B9552B /* SceneDelegate.swift */ = {isa = PBXFileReference; lastKnownFileType = sourcecode.swift; path = SceneDelegate.swift; sourceTree = "<group>"; };
		52303F2F2AD5E94E00B9552B /* ViewController.swift */ = {isa = PBXFileReference; lastKnownFileType = sourcecode.swift; path = ViewController.swift; sourceTree = "<group>"; };
		52303F322AD5E94E00B9552B /* Base */ = {isa = PBXFileReference; lastKnownFileType = file.storyboard; name = Base; path = Base.lproj/Main.storyboard; sourceTree = "<group>"; };
		52303F352AD5E94E00B9552B /* Modulo7_Practica2.xcdatamodel */ = {isa = PBXFileReference; lastKnownFileType = wrapper.xcdatamodel; path = Modulo7_Practica2.xcdatamodel; sourceTree = "<group>"; };
		52303F372AD5E94F00B9552B /* Assets.xcassets */ = {isa = PBXFileReference; lastKnownFileType = folder.assetcatalog; path = Assets.xcassets; sourceTree = "<group>"; };
		52303F3A2AD5E94F00B9552B /* Base */ = {isa = PBXFileReference; lastKnownFileType = file.storyboard; name = Base; path = Base.lproj/LaunchScreen.storyboard; sourceTree = "<group>"; };
		52303F3C2AD5E94F00B9552B /* Info.plist */ = {isa = PBXFileReference; lastKnownFileType = text.plist.xml; path = Info.plist; sourceTree = "<group>"; };
/* End PBXFileReference section */

/* Begin PBXFrameworksBuildPhase section */
		52303F252AD5E94E00B9552B /* Frameworks */ = {
			isa = PBXFrameworksBuildPhase;
			buildActionMask = 2147483647;
			files = (
			);
			runOnlyForDeploymentPostprocessing = 0;
		};
/* End PBXFrameworksBuildPhase section */

/* Begin PBXGroup section */
		52303F1F2AD5E94E00B9552B = {
			isa = PBXGroup;
			children = (
				52303F2A2AD5E94E00B9552B /* Modulo7_Practica2 */,
				52303F292AD5E94E00B9552B /* Products */,
			);
			sourceTree = "<group>";
		};
		52303F292AD5E94E00B9552B /* Products */ = {
			isa = PBXGroup;
			children = (
				52303F282AD5E94E00B9552B /* Modulo7_Practica2.app */,
			);
			name = Products;
			sourceTree = "<group>";
		};
		52303F2A2AD5E94E00B9552B /* Modulo7_Practica2 */ = {
			isa = PBXGroup;
			children = (
				52303F2B2AD5E94E00B9552B /* AppDelegate.swift */,
				52303F2D2AD5E94E00B9552B /* SceneDelegate.swift */,
				52303F2F2AD5E94E00B9552B /* ViewController.swift */,
				52303F312AD5E94E00B9552B /* Main.storyboard */,
				52303F372AD5E94F00B9552B /* Assets.xcassets */,
				52303F392AD5E94F00B9552B /* LaunchScreen.storyboard */,
				52303F3C2AD5E94F00B9552B /* Info.plist */,
				52303F342AD5E94E00B9552B /* Modulo7_Practica2.xcdatamodeld */,
			);
			path = Modulo7_Practica2;
			sourceTree = "<group>";
		};
/* End PBXGroup section */

/* Begin PBXNativeTarget section */
		52303F272AD5E94E00B9552B /* Modulo7_Practica2 */ = {
			isa = PBXNativeTarget;
			buildConfigurationList = 52303F3F2AD5E94F00B9552B /* Build configuration list for PBXNativeTarget "Modulo7_Practica2" */;
			buildPhases = (
				52303F242AD5E94E00B9552B /* Sources */,
				52303F252AD5E94E00B9552B /* Frameworks */,
				52303F262AD5E94E00B9552B /* Resources */,
			);
			buildRules = (
			);
			dependencies = (
			);
			name = Modulo7_Practica2;
			productName = Modulo7_Practica2;
			productReference = 52303F282AD5E94E00B9552B /* Modulo7_Practica2.app */;
			productType = "com.apple.product-type.application";
		};
/* End PBXNativeTarget section */

/* Begin PBXProject section */
		52303F202AD5E94E00B9552B /* Project object */ = {
			isa = PBXProject;
			attributes = {
				BuildIndependentTargetsInParallel = 1;
				LastSwiftUpdateCheck = 1500;
				LastUpgradeCheck = 1500;
				TargetAttributes = {
					52303F272AD5E94E00B9552B = {
						CreatedOnToolsVersion = 15.0;
					};
				};
			};
			buildConfigurationList = 52303F232AD5E94E00B9552B /* Build configuration list for PBXProject "Modulo7_Practica2" */;
			compatibilityVersion = "Xcode 14.0";
			developmentRegion = en;
			hasScannedForEncodings = 0;
			knownRegions = (
				en,
				Base,
			);
			mainGroup = 52303F1F2AD5E94E00B9552B;
			productRefGroup = 52303F292AD5E94E00B9552B /* Products */;
			projectDirPath = "";
			projectRoot = "";
			targets = (
				52303F272AD5E94E00B9552B /* Modulo7_Practica2 */,
			);
		};
/* End PBXProject section */

/* Begin PBXResourcesBuildPhase section */
		52303F262AD5E94E00B9552B /* Resources */ = {
			isa = PBXResourcesBuildPhase;
			buildActionMask = 2147483647;
			files = (
				52303F3B2AD5E94F00B9552B /* LaunchScreen.storyboard in Resources */,
				52303F382AD5E94F00B9552B /* Assets.xcassets in Resources */,
				52303F332AD5E94E00B9552B /* Main.storyboard in Resources */,
			);
			runOnlyForDeploymentPostprocessing = 0;
		};
/* End PBXResourcesBuildPhase section */

/* Begin PBXSourcesBuildPhase section */
		52303F242AD5E94E00B9552B /* Sources */ = {
			isa = PBXSourcesBuildPhase;
			buildActionMask = 2147483647;
			files = (
				52303F302AD5E94E00B9552B /* ViewController.swift in Sources */,
				52303F362AD5E94E00B9552B /* Modulo7_Practica2.xcdatamodeld in Sources */,
				52303F2C2AD5E94E00B9552B /* AppDelegate.swift in Sources */,
				52303F2E2AD5E94E00B9552B /* SceneDelegate.swift in Sources */,
			);
			runOnlyForDeploymentPostprocessing = 0;
		};
/* End PBXSourcesBuildPhase section */

/* Begin PBXVariantGroup section */
		52303F312AD5E94E00B9552B /* Main.storyboard */ = {
			isa = PBXVariantGroup;
			children = (
				52303F322AD5E94E00B9552B /* Base */,
			);
			name = Main.storyboard;
			sourceTree = "<group>";
		};
		52303F392AD5E94F00B9552B /* LaunchScreen.storyboard */ = {
			isa = PBXVariantGroup;
			children = (
				52303F3A2AD5E94F00B9552B /* Base */,
			);
			name = LaunchScreen.storyboard;
			sourceTree = "<group>";
		};
/* End PBXVariantGroup section */

/* Begin XCBuildConfiguration section */
		52303F3D2AD5E94F00B9552B /* Debug */ = {
			isa = XCBuildConfiguration;
			buildSettings = {
				ALWAYS_SEARCH_USER_PATHS = NO;
				ASSETCATALOG_COMPILER_GENERATE_SWIFT_ASSET_SYMBOL_EXTENSIONS = YES;
				CLANG_ANALYZER_NONNULL = YES;
				CLANG_ANALYZER_NUMBER_OBJECT_CONVERSION = YES_AGGRESSIVE;
				CLANG_CXX_LANGUAGE_STANDARD = "gnu++20";
				CLANG_ENABLE_MODULES = YES;
				CLANG_ENABLE_OBJC_ARC = YES;
				CLANG_ENABLE_OBJC_WEAK = YES;
				CLANG_WARN_BLOCK_CAPTURE_AUTORELEASING = YES;
				CLANG_WARN_BOOL_CONVERSION = YES;
				CLANG_WARN_COMMA = YES;
				CLANG_WARN_CONSTANT_CONVERSION = YES;
				CLANG_WARN_DEPRECATED_OBJC_IMPLEMENTATIONS = YES;
				CLANG_WARN_DIRECT_OBJC_ISA_USAGE = YES_ERROR;
				CLANG_WARN_DOCUMENTATION_COMMENTS = YES;
				CLANG_WARN_EMPTY_BODY = YES;
				CLANG_WARN_ENUM_CONVERSION = YES;
				CLANG_WARN_INFINITE_RECURSION = YES;
				CLANG_WARN_INT_CONVERSION = YES;
				CLANG_WARN_NON_LITERAL_NULL_CONVERSION = YES;
				CLANG_WARN_OBJC_IMPLICIT_RETAIN_SELF = YES;
				CLANG_WARN_OBJC_LITERAL_CONVERSION = YES;
				CLANG_WARN_OBJC_ROOT_CLASS = YES_ERROR;
				CLANG_WARN_QUOTED_INCLUDE_IN_FRAMEWORK_HEADER = YES;
				CLANG_WARN_RANGE_LOOP_ANALYSIS = YES;
				CLANG_WARN_STRICT_PROTOTYPES = YES;
				CLANG_WARN_SUSPICIOUS_MOVE = YES;
				CLANG_WARN_UNGUARDED_AVAILABILITY = YES_AGGRESSIVE;
				CLANG_WARN_UNREACHABLE_CODE = YES;
				CLANG_WARN__DUPLICATE_METHOD_MATCH = YES;
				COPY_PHASE_STRIP = NO;
				DEBUG_INFORMATION_FORMAT = dwarf;
				ENABLE_STRICT_OBJC_MSGSEND = YES;
				ENABLE_TESTABILITY = YES;
				ENABLE_USER_SCRIPT_SANDBOXING = YES;
				GCC_C_LANGUAGE_STANDARD = gnu17;
				GCC_DYNAMIC_NO_PIC = NO;
				GCC_NO_COMMON_BLOCKS = YES;
				GCC_OPTIMIZATION_LEVEL = 0;
				GCC_PREPROCESSOR_DEFINITIONS = (
					"DEBUG=1",
					"$(inherited)",
				);
				GCC_WARN_64_TO_32_BIT_CONVERSION = YES;
				GCC_WARN_ABOUT_RETURN_TYPE = YES_ERROR;
				GCC_WARN_UNDECLARED_SELECTOR = YES;
				GCC_WARN_UNINITIALIZED_AUTOS = YES_AGGRESSIVE;
				GCC_WARN_UNUSED_FUNCTION = YES;
				GCC_WARN_UNUSED_VARIABLE = YES;
				IPHONEOS_DEPLOYMENT_TARGET = 17.0;
				LOCALIZATION_PREFERS_STRING_CATALOGS = YES;
				MTL_ENABLE_DEBUG_INFO = INCLUDE_SOURCE;
				MTL_FAST_MATH = YES;
				ONLY_ACTIVE_ARCH = YES;
				SDKROOT = iphoneos;
				SWIFT_ACTIVE_COMPILATION_CONDITIONS = "DEBUG $(inherited)";
				SWIFT_OPTIMIZATION_LEVEL = "-Onone";
			};
			name = Debug;
		};
		52303F3E2AD5E94F00B9552B /* Release */ = {
			isa = XCBuildConfiguration;
			buildSettings = {
				ALWAYS_SEARCH_USER_PATHS = NO;
				ASSETCATALOG_COMPILER_GENERATE_SWIFT_ASSET_SYMBOL_EXTENSIONS = YES;
				CLANG_ANALYZER_NONNULL = YES;
				CLANG_ANALYZER_NUMBER_OBJECT_CONVERSION = YES_AGGRESSIVE;
				CLANG_CXX_LANGUAGE_STANDARD = "gnu++20";
				CLANG_ENABLE_MODULES = YES;
				CLANG_ENABLE_OBJC_ARC = YES;
				CLANG_ENABLE_OBJC_WEAK = YES;
				CLANG_WARN_BLOCK_CAPTURE_AUTORELEASING = YES;
				CLANG_WARN_BOOL_CONVERSION = YES;
				CLANG_WARN_COMMA = YES;
				CLANG_WARN_CONSTANT_CONVERSION = YES;
				CLANG_WARN_DEPRECATED_OBJC_IMPLEMENTATIONS = YES;
				CLANG_WARN_DIRECT_OBJC_ISA_USAGE = YES_ERROR;
				CLANG_WARN_DOCUMENTATION_COMMENTS = YES;
				CLANG_WARN_EMPTY_BODY = YES;
				CLANG_WARN_ENUM_CONVERSION = YES;
				CLANG_WARN_INFINITE_RECURSION = YES;
				CLANG_WARN_INT_CONVERSION = YES;
				CLANG_WARN_NON_LITERAL_NULL_CONVERSION = YES;
				CLANG_WARN_OBJC_IMPLICIT_RETAIN_SELF = YES;
				CLANG_WARN_OBJC_LITERAL_CONVERSION = YES;
				CLANG_WARN_OBJC_ROOT_CLASS = YES_ERROR;
				CLANG_WARN_QUOTED_INCLUDE_IN_FRAMEWORK_HEADER = YES;
				CLANG_WARN_RANGE_LOOP_ANALYSIS = YES;
				CLANG_WARN_STRICT_PROTOTYPES = YES;
				CLANG_WARN_SUSPICIOUS_MOVE = YES;
				CLANG_WARN_UNGUARDED_AVAILABILITY = YES_AGGRESSIVE;
				CLANG_WARN_UNREACHABLE_CODE = YES;
				CLANG_WARN__DUPLICATE_METHOD_MATCH = YES;
				COPY_PHASE_STRIP = NO;
				DEBUG_INFORMATION_FORMAT = "dwarf-with-dsym";
				ENABLE_NS_ASSERTIONS = NO;
				ENABLE_STRICT_OBJC_MSGSEND = YES;
				ENABLE_USER_SCRIPT_SANDBOXING = YES;
				GCC_C_LANGUAGE_STANDARD = gnu17;
				GCC_NO_COMMON_BLOCKS = YES;
				GCC_WARN_64_TO_32_BIT_CONVERSION = YES;
				GCC_WARN_ABOUT_RETURN_TYPE = YES_ERROR;
				GCC_WARN_UNDECLARED_SELECTOR = YES;
				GCC_WARN_UNINITIALIZED_AUTOS = YES_AGGRESSIVE;
				GCC_WARN_UNUSED_FUNCTION = YES;
				GCC_WARN_UNUSED_VARIABLE = YES;
				IPHONEOS_DEPLOYMENT_TARGET = 17.0;
				LOCALIZATION_PREFERS_STRING_CATALOGS = YES;
				MTL_ENABLE_DEBUG_INFO = NO;
				MTL_FAST_MATH = YES;
				SDKROOT = iphoneos;
				SWIFT_COMPILATION_MODE = wholemodule;
				VALIDATE_PRODUCT = YES;
			};
			name = Release;
		};
		52303F402AD5E94F00B9552B /* Debug */ = {
			isa = XCBuildConfiguration;
			buildSettings = {
				ASSETCATALOG_COMPILER_APPICON_NAME = AppIcon;
				ASSETCATALOG_COMPILER_GLOBAL_ACCENT_COLOR_NAME = AccentColor;
				CODE_SIGN_STYLE = Automatic;
				CURRENT_PROJECT_VERSION = 1;
				DEVELOPMENT_TEAM = XU6A847CTK;
				GENERATE_INFOPLIST_FILE = YES;
				INFOPLIST_FILE = Modulo7_Practica2/Info.plist;
				INFOPLIST_KEY_UIApplicationSupportsIndirectInputEvents = YES;
				INFOPLIST_KEY_UILaunchStoryboardName = LaunchScreen;
				INFOPLIST_KEY_UIMainStoryboardFile = Main;
				INFOPLIST_KEY_UISupportedInterfaceOrientations_iPad = "UIInterfaceOrientationPortrait UIInterfaceOrientationPortraitUpsideDown UIInterfaceOrientationLandscapeLeft UIInterfaceOrientationLandscapeRight";
				INFOPLIST_KEY_UISupportedInterfaceOrientations_iPhone = "UIInterfaceOrientationPortrait UIInterfaceOrientationLandscapeLeft UIInterfaceOrientationLandscapeRight";
				LD_RUNPATH_SEARCH_PATHS = (
					"$(inherited)",
					"@executable_path/Frameworks",
				);
				MARKETING_VERSION = 1.0;
				PRODUCT_BUNDLE_IDENTIFIER = "com.rick-diplomado.Modulo7-Practica2";
				PRODUCT_NAME = "$(TARGET_NAME)";
				SWIFT_EMIT_LOC_STRINGS = YES;
				SWIFT_VERSION = 5.0;
				TARGETED_DEVICE_FAMILY = "1,2";
			};
			name = Debug;
		};
		52303F412AD5E94F00B9552B /* Release */ = {
			isa = XCBuildConfiguration;
			buildSettings = {
				ASSETCATALOG_COMPILER_APPICON_NAME = AppIcon;
				ASSETCATALOG_COMPILER_GLOBAL_ACCENT_COLOR_NAME = AccentColor;
				CODE_SIGN_STYLE = Automatic;
				CURRENT_PROJECT_VERSION = 1;
				DEVELOPMENT_TEAM = XU6A847CTK;
				GENERATE_INFOPLIST_FILE = YES;
				INFOPLIST_FILE = Modulo7_Practica2/Info.plist;
				INFOPLIST_KEY_UIApplicationSupportsIndirectInputEvents = YES;
				INFOPLIST_KEY_UILaunchStoryboardName = LaunchScreen;
				INFOPLIST_KEY_UIMainStoryboardFile = Main;
				INFOPLIST_KEY_UISupportedInterfaceOrientations_iPad = "UIInterfaceOrientationPortrait UIInterfaceOrientationPortraitUpsideDown UIInterfaceOrientationLandscapeLeft UIInterfaceOrientationLandscapeRight";
				INFOPLIST_KEY_UISupportedInterfaceOrientations_iPhone = "UIInterfaceOrientationPortrait UIInterfaceOrientationLandscapeLeft UIInterfaceOrientationLandscapeRight";
				LD_RUNPATH_SEARCH_PATHS = (
					"$(inherited)",
					"@executable_path/Frameworks",
				);
				MARKETING_VERSION = 1.0;
				PRODUCT_BUNDLE_IDENTIFIER = "com.rick-diplomado.Modulo7-Practica2";
				PRODUCT_NAME = "$(TARGET_NAME)";
				SWIFT_EMIT_LOC_STRINGS = YES;
				SWIFT_VERSION = 5.0;
				TARGETED_DEVICE_FAMILY = "1,2";
			};
			name = Release;
		};
/* End XCBuildConfiguration section */

/* Begin XCConfigurationList section */
		52303F232AD5E94E00B9552B /* Build configuration list for PBXProject "Modulo7_Practica2" */ = {
			isa = XCConfigurationList;
			buildConfigurations = (
				52303F3D2AD5E94F00B9552B /* Debug */,
				52303F3E2AD5E94F00B9552B /* Release */,
			);
			defaultConfigurationIsVisible = 0;
			defaultConfigurationName = Release;
		};
		52303F3F2AD5E94F00B9552B /* Build configuration list for PBXNativeTarget "Modulo7_Practica2" */ = {
			isa = XCConfigurationList;
			buildConfigurations = (
				52303F402AD5E94F00B9552B /* Debug */,
				52303F412AD5E94F00B9552B /* Release */,
			);
			defaultConfigurationIsVisible = 0;
			defaultConfigurationName = Release;
		};
/* End XCConfigurationList section */

/* Begin XCVersionGroup section */
		52303F342AD5E94E00B9552B /* Modulo7_Practica2.xcdatamodeld */ = {
			isa = XCVersionGroup;
			children = (
				52303F352AD5E94E00B9552B /* Modulo7_Practica2.xcdatamodel */,
			);
			currentVersion = 52303F352AD5E94E00B9552B /* Modulo7_Practica2.xcdatamodel */;
			path = Modulo7_Practica2.xcdatamodeld;
			sourceTree = "<group>";
			versionGroupType = wrapper.xcdatamodel;
		};
/* End XCVersionGroup section */
	};
	rootObject = 52303F202AD5E94E00B9552B /* Project object */;
}
